{
  "version": 4,
  "terraform_version": "1.3.5",
  "serial": 17,
  "lineage": "608e8fe4-511c-8445-d6e2-46566af39b1f",
  "outputs": {
    "public_ec2_ips": {
      "value": [
        "http://3.76.100.201"
      ],
      "type": [
        "tuple",
        [
          "string"
        ]
      ]
    }
  },
  "resources": [
    {
      "mode": "data",
      "type": "aws_ami",
      "name": "ubuntu",
      "provider": "provider[\"registry.terraform.io/hashicorp/aws\"]",
      "instances": [
        {
          "schema_version": 0,
          "attributes": {
            "architecture": "x86_64",
            "arn": "arn:aws:ec2:eu-central-1::image/ami-09c5ba4f838d8684a",
            "block_device_mappings": [
              {
                "device_name": "/dev/sda1",
                "ebs": {
                  "delete_on_termination": "true",
                  "encrypted": "false",
                  "iops": "0",
                  "snapshot_id": "snap-094e7d30b0da6985a",
                  "throughput": "0",
                  "volume_size": "8",
                  "volume_type": "gp2"
                },
                "no_device": "",
                "virtual_name": ""
              },
              {
                "device_name": "/dev/sdb",
                "ebs": {},
                "no_device": "",
                "virtual_name": "ephemeral0"
              },
              {
                "device_name": "/dev/sdc",
                "ebs": {},
                "no_device": "",
                "virtual_name": "ephemeral1"
              }
            ],
            "boot_mode": "",
            "creation_date": "2022-12-01T22:15:07.000Z",
            "deprecation_time": "2024-12-01T22:15:06.000Z",
            "description": "Canonical, Ubuntu, 20.04 LTS, amd64 focal image build on 2022-12-01",
            "ena_support": true,
            "executable_users": null,
            "filter": [
              {
                "name": "name",
                "values": [
                  "ubuntu/images/hvm-ssd/ubuntu-focal-20.04-amd64-server-*"
                ]
              },
              {
                "name": "virtualization-type",
                "values": [
                  "hvm"
                ]
              }
            ],
            "hypervisor": "xen",
            "id": "ami-09c5ba4f838d8684a",
            "image_id": "ami-09c5ba4f838d8684a",
            "image_location": "amazon/ubuntu/images/hvm-ssd/ubuntu-focal-20.04-amd64-server-20221201",
            "image_owner_alias": "amazon",
            "image_type": "machine",
            "imds_support": "",
            "include_deprecated": false,
            "kernel_id": "",
            "most_recent": true,
            "name": "ubuntu/images/hvm-ssd/ubuntu-focal-20.04-amd64-server-20221201",
            "name_regex": null,
            "owner_id": "099720109477",
            "owners": [
              "099720109477"
            ],
            "platform": "",
            "platform_details": "Linux/UNIX",
            "product_codes": [],
            "public": true,
            "ramdisk_id": "",
            "root_device_name": "/dev/sda1",
            "root_device_type": "ebs",
            "root_snapshot_id": "snap-094e7d30b0da6985a",
            "sriov_net_support": "simple",
            "state": "available",
            "state_reason": {
              "code": "UNSET",
              "message": "UNSET"
            },
            "tags": {},
            "timeouts": null,
            "tpm_support": "",
            "usage_operation": "RunInstances",
            "virtualization_type": "hvm"
          },
          "sensitive_attributes": []
        }
      ]
    },
    {
      "mode": "data",
      "type": "aws_availability_zones",
      "name": "available",
      "provider": "provider[\"registry.terraform.io/hashicorp/aws\"]",
      "instances": [
        {
          "schema_version": 0,
          "attributes": {
            "all_availability_zones": null,
            "exclude_names": null,
            "exclude_zone_ids": null,
            "filter": null,
            "group_names": [
              "eu-central-1"
            ],
            "id": "eu-central-1",
            "names": [
              "eu-central-1a",
              "eu-central-1b",
              "eu-central-1c"
            ],
            "state": "available",
            "timeouts": null,
            "zone_ids": [
              "euc1-az2",
              "euc1-az3",
              "euc1-az1"
            ]
          },
          "sensitive_attributes": []
        }
      ]
    },
    {
      "mode": "managed",
      "type": "aws_instance",
      "name": "docker",
      "provider": "provider[\"registry.terraform.io/hashicorp/aws\"]",
      "instances": [
        {
          "index_key": 0,
          "schema_version": 1,
          "attributes": {
            "ami": "ami-09c5ba4f838d8684a",
            "arn": "arn:aws:ec2:eu-central-1:120100153176:instance/i-018a5783896b5687d",
            "associate_public_ip_address": true,
            "availability_zone": "eu-central-1a",
            "capacity_reservation_specification": [
              {
                "capacity_reservation_preference": "open",
                "capacity_reservation_target": []
              }
            ],
            "cpu_core_count": 1,
            "cpu_threads_per_core": 1,
            "credit_specification": [
              {
                "cpu_credits": "standard"
              }
            ],
            "disable_api_stop": false,
            "disable_api_termination": false,
            "ebs_block_device": [],
            "ebs_optimized": false,
            "enclave_options": [
              {
                "enabled": false
              }
            ],
            "ephemeral_block_device": [],
            "get_password_data": false,
            "hibernation": false,
            "host_id": null,
            "host_resource_group_arn": null,
            "iam_instance_profile": "",
            "id": "i-018a5783896b5687d",
            "instance_initiated_shutdown_behavior": "stop",
            "instance_state": "running",
            "instance_type": "t2.micro",
            "ipv6_address_count": 0,
            "ipv6_addresses": [],
            "key_name": "default_key",
            "launch_template": [],
            "maintenance_options": [
              {
                "auto_recovery": "default"
              }
            ],
            "metadata_options": [
              {
                "http_endpoint": "enabled",
                "http_put_response_hop_limit": 1,
                "http_tokens": "optional",
                "instance_metadata_tags": "disabled"
              }
            ],
            "monitoring": false,
            "network_interface": [],
            "outpost_arn": "",
            "password_data": "",
            "placement_group": "",
            "placement_partition_number": null,
            "primary_network_interface_id": "eni-0ee5de95bd584da82",
            "private_dns": "ip-10-0-101-69.eu-central-1.compute.internal",
            "private_dns_name_options": [
              {
                "enable_resource_name_dns_a_record": false,
                "enable_resource_name_dns_aaaa_record": false,
                "hostname_type": "ip-name"
              }
            ],
            "private_ip": "10.0.101.69",
            "public_dns": "",
            "public_ip": "3.76.100.201",
            "root_block_device": [
              {
                "delete_on_termination": true,
                "device_name": "/dev/sda1",
                "encrypted": false,
                "iops": 100,
                "kms_key_id": "",
                "tags": {},
                "throughput": 0,
                "volume_id": "vol-06b489846d38ae148",
                "volume_size": 8,
                "volume_type": "gp2"
              }
            ],
            "secondary_private_ips": [],
            "security_groups": [],
            "source_dest_check": true,
            "subnet_id": "subnet-0fac7cf0b21b144c8",
            "tags": {
              "Name": "EC2 for Docker Container"
            },
            "tags_all": {
              "Name": "EC2 for Docker Container"
            },
            "tenancy": "default",
            "timeouts": null,
            "user_data": "44fdae3992f2a26ff862d781b73d2b601cc1b586",
            "user_data_base64": null,
            "user_data_replace_on_change": false,
            "volume_tags": null,
            "vpc_security_group_ids": [
              "sg-0accccf0dae0fa2c9"
            ]
          },
          "sensitive_attributes": [],
          "private": "eyJlMmJmYjczMC1lY2FhLTExZTYtOGY4OC0zNDM2M2JjN2M0YzAiOnsiY3JlYXRlIjo2MDAwMDAwMDAwMDAsImRlbGV0ZSI6MTIwMDAwMDAwMDAwMCwidXBkYXRlIjo2MDAwMDAwMDAwMDB9LCJzY2hlbWFfdmVyc2lvbiI6IjEifQ==",
          "dependencies": [
            "aws_key_pair.generated_key",
            "aws_security_group.my-sg",
            "data.aws_ami.ubuntu",
            "data.aws_availability_zones.available",
            "module.vpc.aws_subnet.public"
          ]
        }
      ]
    },
    {
      "mode": "managed",
      "type": "aws_key_pair",
      "name": "generated_key",
      "provider": "provider[\"registry.terraform.io/hashicorp/aws\"]",
      "instances": [
        {
          "schema_version": 1,
          "attributes": {
            "arn": "arn:aws:ec2:eu-central-1:120100153176:key-pair/default_key",
            "fingerprint": "c1:5d:6d:38:53:52:e6:16:2e:a2:20:fc:85:de:79:11",
            "id": "default_key",
            "key_name": "default_key",
            "key_name_prefix": "",
            "key_pair_id": "key-011f5138e683cd07b",
            "key_type": "rsa",
            "public_key": "ssh-rsa AAAAB3NzaC1yc2EAAAADAQABAAACAQDGeU02tVYCQpAKAHPddDR7oI3dY9sGr6lbegHaK9brf4JVI965CunZFM2GvjgiM6R0a7GrhXYvnWbGZKr0O6YWfI3xHEdyBbCr9ovRKYeHuo/rDMbkx6Z0mtr2XUwXAk2V08g9dL1lkM7VMNULGFLNUKnho9b9CQs3ym4nUk0w1LKQ0DILgYUs5dngytr7JElhLf8qhOp0Y/kubzsQqAvdQHOvfmkdJJNUVHjjOAMQUuemZTP8yHc44HbiYIDVuBmD7kq1kqewYi4Xo4gguEeUneNXaGFOBHt9omQ2DYXXHnBEb2bY/Yyfrhydyd7GZ4V4YW41xCglcbcTmD6l8Ob4F7zVfoyTRqcpu5wjDuLd0+LnqY9EpARTR58as9o5TCHtgA9HgspNsBKZH4Xf5y3BIYYl4MwE6decflHldOcx47eY1i2EAWA4YynzIYz1WD3a8j0NfJ0Ndn+AshfmXqo0ao9SZCLhIQ3pUsAwcB+zwwz3c4OeiLCf67kGvPkuFhFV8/sg1T0RrVaTN2oBGnJ3s2Zip5YwEIAIPWoUKyUDzTc50BfEludwmPCctPvnvCd0Nc/YwAsMYFPYuBYzMpf0L2tDADbBoyUyBFPiRHZsi2Jnv5Kvsz6f8fPCyyeDEBhG3Q3dOcyCKRyHX6/N1SbKpbDtoLxhre4ppfNuRWfWQw==",
            "tags": {},
            "tags_all": {}
          },
          "sensitive_attributes": [],
          "private": "eyJzY2hlbWFfdmVyc2lvbiI6IjEifQ==",
          "dependencies": [
            "tls_private_key.example"
          ]
        }
      ]
    },
    {
      "mode": "managed",
      "type": "aws_security_group",
      "name": "my-sg",
      "provider": "provider[\"registry.terraform.io/hashicorp/aws\"]",
      "instances": [
        {
          "schema_version": 1,
          "attributes": {
            "arn": "arn:aws:ec2:eu-central-1:120100153176:security-group/sg-0accccf0dae0fa2c9",
            "description": "Managed by Terraform",
            "egress": [
              {
                "cidr_blocks": [
                  "0.0.0.0/0"
                ],
                "description": "",
                "from_port": 0,
                "ipv6_cidr_blocks": [],
                "prefix_list_ids": [],
                "protocol": "-1",
                "security_groups": [],
                "self": false,
                "to_port": 0
              }
            ],
            "id": "sg-0accccf0dae0fa2c9",
            "ingress": [
              {
                "cidr_blocks": [
                  "0.0.0.0/0"
                ],
                "description": "",
                "from_port": 1,
                "ipv6_cidr_blocks": [],
                "prefix_list_ids": [],
                "protocol": "tcp",
                "security_groups": [],
                "self": false,
                "to_port": 40000
              }
            ],
            "name": "sg_vpc-0a5e3f63a253dcf11",
            "name_prefix": "",
            "owner_id": "120100153176",
            "revoke_rules_on_delete": false,
            "tags": {
              "Name": "SG_Rules"
            },
            "tags_all": {
              "Name": "SG_Rules"
            },
            "timeouts": null,
            "vpc_id": "vpc-0a5e3f63a253dcf11"
          },
          "sensitive_attributes": [],
          "private": "eyJlMmJmYjczMC1lY2FhLTExZTYtOGY4OC0zNDM2M2JjN2M0YzAiOnsiY3JlYXRlIjo2MDAwMDAwMDAwMDAsImRlbGV0ZSI6OTAwMDAwMDAwMDAwfSwic2NoZW1hX3ZlcnNpb24iOiIxIn0=",
          "dependencies": [
            "module.vpc.aws_vpc.this"
          ]
        }
      ]
    },
    {
      "mode": "managed",
      "type": "tls_private_key",
      "name": "example",
      "provider": "provider[\"registry.terraform.io/hashicorp/tls\"]",
      "instances": [
        {
          "schema_version": 1,
          "attributes": {
            "algorithm": "RSA",
            "ecdsa_curve": "P224",
            "id": "b3a111a2d36f6c4167f87697bb2842f4ea802c6d",
            "private_key_openssh": "-----BEGIN OPENSSH PRIVATE KEY-----\nb3BlbnNzaC1rZXktdjEAAAAABG5vbmUAAAAEbm9uZQAAAAAAAAABAAACFwAAAAdz\nc2gtcnNhAAAAAwEAAQAAAgEAxnlNNrVWAkKQCgBz3XQ0e6CN3WPbBq+pW3oB2ivW\n63+CVSPeuQrp2RTNhr44IjOkdGuxq4V2L51mxmSq9DumFnyN8RxHcgWwq/aL0SmH\nh7qP6wzG5MemdJra9l1MFwJNldPIPXS9ZZDO1TDVCxhSzVCp4aPW/QkLN8puJ1JN\nMNSykNAyC4GFLOXZ4Mra+yRJYS3/KoTqdGP5Lm87EKgL3UBzr35pHSSTVFR44zgD\nEFLnpmUz/Mh3OOB24mCA1bgZg+5KtZKnsGIuF6OIILhHlJ3jV2hhTgR7faJkNg2F\n1x5wRG9m2P2Mn64cncnexmeFeGFuNcQoJXG3E5g+pfDm+Be81X6Mk0anKbucIw7i\n3dPi56mPRKQEU0efGrPaOUwh7YAPR4LKTbASmR+F3+ctwSGGJeDMBOnXnH5R5XTn\nMeO3mNYthAFgOGMp8yGM9Vg92vI9DXydDXZ/gLIX5l6qNGqPUmQi4SEN6VLAMHAf\ns8MM93ODnoiwn+u5Brz5LhYRVfP7INU9Ea1WkzdqARpyd7NmYqeWMBCACD1qFCsl\nA803OdAXxJbncJjwnLT757wndDXP2MALDGBT2LgWMzKX9C9rQwA2waMlMgRT4kR2\nbItiZ7+Sr7M+n/HzwssngxAYRt0N3TnMgikch1+vzdUmyqWw7aC8Ya3uKaXzbkVn\n1kMAAAc4NCL+sDQi/rAAAAAHc3NoLXJzYQAAAgEAxnlNNrVWAkKQCgBz3XQ0e6CN\n3WPbBq+pW3oB2ivW63+CVSPeuQrp2RTNhr44IjOkdGuxq4V2L51mxmSq9DumFnyN\n8RxHcgWwq/aL0SmHh7qP6wzG5MemdJra9l1MFwJNldPIPXS9ZZDO1TDVCxhSzVCp\n4aPW/QkLN8puJ1JNMNSykNAyC4GFLOXZ4Mra+yRJYS3/KoTqdGP5Lm87EKgL3UBz\nr35pHSSTVFR44zgDEFLnpmUz/Mh3OOB24mCA1bgZg+5KtZKnsGIuF6OIILhHlJ3j\nV2hhTgR7faJkNg2F1x5wRG9m2P2Mn64cncnexmeFeGFuNcQoJXG3E5g+pfDm+Be8\n1X6Mk0anKbucIw7i3dPi56mPRKQEU0efGrPaOUwh7YAPR4LKTbASmR+F3+ctwSGG\nJeDMBOnXnH5R5XTnMeO3mNYthAFgOGMp8yGM9Vg92vI9DXydDXZ/gLIX5l6qNGqP\nUmQi4SEN6VLAMHAfs8MM93ODnoiwn+u5Brz5LhYRVfP7INU9Ea1WkzdqARpyd7Nm\nYqeWMBCACD1qFCslA803OdAXxJbncJjwnLT757wndDXP2MALDGBT2LgWMzKX9C9r\nQwA2waMlMgRT4kR2bItiZ7+Sr7M+n/HzwssngxAYRt0N3TnMgikch1+vzdUmyqWw\n7aC8Ya3uKaXzbkVn1kMAAAADAQABAAACAC9vKDwOBLtPiztItmhT8IMncSBbUCp9\n6xz4wN6Soa/w7oZIp19UM2V1alVsut+5tfE5F+JlaESi+sApqQ3r/5raM9ZPKuge\nYgYHS402vrR6qxDDIfnlmWu+4twEmj3ZiA9p6S5+6xEOFdCv9grLymZVg/Rwgt5A\nvhScZc0yB07HVtHzYDKNxvVfDb6C3Oku1/bI1nYkBCDDD/fAD77AWu2LDNsBfD/B\n0RBTi/zKEzlghwqmn1En3A6U3vTlmYT6leaJGgPhRACMxnVR2SPwxvLG9WGbib3q\nplT1bbvZaYZrOOuyMENl/ajgJOi1KXADp8uIhZ2F/w5L6jRdq4NfWuO+jU5j+1q5\nLbzqobNuk4Wyl+h89CeNamv0D+AJQszu+VbDddN1DuAY31EA+ei8XPVmI75c2VFr\n1vJHdr5XoOW0y9VnVH97a0v4wulbtRvBJyIBnVXvxQeP36ygXo0MaVSPSReiuZ8E\neVg29iQDQZAnxN7Op0CTIdaIM5ArTjSjnr/v2vnRy0AgBINnMOzD/B3OpK2iHWzr\n8BSsKbKl6J2EvLhoeLd7idldiawyrb4Yxp/3uDPjbNQ3kEaOQy0vFDjkZaibFfrx\nCZB+t0fuNi1X8uRNvYDdWIf5ksfv0FC8FljQWBgD66FqIbEhI7M6SLU+Ee1SDf3b\n0zg9lqPCLyrhAAABAHlXR3bl4g8l80YCe3h9PteLIPpKjyNbBh4F8nRqKS2OS+jD\n0t5emtXbohnEQL2PVTfH4aYCbTMQfrEhN5H0IgO0pTqmT057NmCnd8RQWlpR0TM4\nCKJOwmJer83AyV6/Lta6vr70Gm5uIDeLz5chGmdvYGTAsXayTCPpowwx48bf9Tfi\ntYZShEZonqezkRoJ4vxV/P0I/03yaijF3RELdGiNMTKq1Mp6zIH4u3Nsm0plrJ6T\nEkVAovXk+KPP94UeKCOHwxKFhRqVS0eU3syvtr7Tz7ofFg0q8Y/k2unLPCYPn+Vy\nbrJld+cfeYvG3ycIqX7Y+cHEyCmY8R+NHsxC3C0AAAEBAN1SypHC3PM9k6fUpRsL\nrhPGoU8JpcqmG1hU6RJWFaFwXGk0zmPSCIv1ncRrefFP0ysY8NypEW+uQXqZmrh6\nYnbChNwu/cq3zTF6kyHkIizTulUHLatlCix2VWTaMhYCTqVct3hvupEsUBo+AUVf\n8mAdtzijPOWUzHu14Qu2WGqQbUSGWIYjC6R6CvtUzugD0B71lfmJzMPbHZMxUOTW\nZl1VJZE6+GSqQ8bGe7wdZRHAb4zkS8AzNwOy1WTI6J/TVMHu0Vokz8hR8AUugH4V\nRm5+gDAk1+1Tivj7cHa63ali+iz8pYlkLK0yKhPqK2sRtMY4yjkP7nuIVUWs18Va\n7REAAAEBAOWSBYsBI/AhQuljdtJmpuG8rQv6Mh4pUo019UT2Gsd4rTzDLxVanGQL\nj5fr51IaPmQcS3rVbQbc+hYfhoA5qeNMF3BYNU+R9JEKETnBcrfH5EqmaWr0EHsI\nMlhq59WNroyiyxtGEsSA+fUVKyPLF3Mp+5NY0YYKuA9uvEH/5+WJHviZHvx/JZMb\nZtDHBbFt0w86H50uHy/cqCwrN2xeWPcYX0/CqfebUc06XOrICm3JQFfqTHZHNYI2\nck93JEIaQDIp8ChKoEvzrRRhgHpLlOzAqYYEl6QHumhHQYjWFxoA2CRXfe+7IOAz\nusFSmPvoJYBsuT/WbGaRPSVXH2LcXhMAAAAAAQID\n-----END OPENSSH PRIVATE KEY-----\n",
            "private_key_pem": "-----BEGIN RSA PRIVATE KEY-----\nMIIJKAIBAAKCAgEAxnlNNrVWAkKQCgBz3XQ0e6CN3WPbBq+pW3oB2ivW63+CVSPe\nuQrp2RTNhr44IjOkdGuxq4V2L51mxmSq9DumFnyN8RxHcgWwq/aL0SmHh7qP6wzG\n5MemdJra9l1MFwJNldPIPXS9ZZDO1TDVCxhSzVCp4aPW/QkLN8puJ1JNMNSykNAy\nC4GFLOXZ4Mra+yRJYS3/KoTqdGP5Lm87EKgL3UBzr35pHSSTVFR44zgDEFLnpmUz\n/Mh3OOB24mCA1bgZg+5KtZKnsGIuF6OIILhHlJ3jV2hhTgR7faJkNg2F1x5wRG9m\n2P2Mn64cncnexmeFeGFuNcQoJXG3E5g+pfDm+Be81X6Mk0anKbucIw7i3dPi56mP\nRKQEU0efGrPaOUwh7YAPR4LKTbASmR+F3+ctwSGGJeDMBOnXnH5R5XTnMeO3mNYt\nhAFgOGMp8yGM9Vg92vI9DXydDXZ/gLIX5l6qNGqPUmQi4SEN6VLAMHAfs8MM93OD\nnoiwn+u5Brz5LhYRVfP7INU9Ea1WkzdqARpyd7NmYqeWMBCACD1qFCslA803OdAX\nxJbncJjwnLT757wndDXP2MALDGBT2LgWMzKX9C9rQwA2waMlMgRT4kR2bItiZ7+S\nr7M+n/HzwssngxAYRt0N3TnMgikch1+vzdUmyqWw7aC8Ya3uKaXzbkVn1kMCAwEA\nAQKCAgAvbyg8DgS7T4s7SLZoU/CDJ3EgW1Aqfesc+MDekqGv8O6GSKdfVDNldWpV\nbLrfubXxORfiZWhEovrAKakN6/+a2jPWTyroHmIGB0uNNr60eqsQwyH55ZlrvuLc\nBJo92YgPaekufusRDhXQr/YKy8pmVYP0cILeQL4UnGXNMgdOx1bR82Ayjcb1Xw2+\ngtzpLtf2yNZ2JAQgww/3wA++wFrtiwzbAXw/wdEQU4v8yhM5YIcKpp9RJ9wOlN70\n5ZmE+pXmiRoD4UQAjMZ1Udkj8MbyxvVhm4m96qZU9W272WmGazjrsjBDZf2o4CTo\ntSlwA6fLiIWdhf8OS+o0XauDX1rjvo1OY/tauS286qGzbpOFspfofPQnjWpr9A/g\nCULM7vlWw3XTdQ7gGN9RAPnovFz1ZiO+XNlRa9byR3a+V6DltMvVZ1R/e2tL+MLp\nW7UbwSciAZ1V78UHj9+soF6NDGlUj0kXormfBHlYNvYkA0GQJ8TezqdAkyHWiDOQ\nK040o56/79r50ctAIASDZzDsw/wdzqStoh1s6/AUrCmypeidhLy4aHi3e4nZXYms\nMq2+GMaf97gz42zUN5BGjkMtLxQ45GWomxX68QmQfrdH7jYtV/LkTb2A3ViH+ZLH\n79BQvBZY0FgYA+uhaiGxISOzOki1PhHtUg3929M4PZajwi8q4QKCAQEA3VLKkcLc\n8z2Tp9SlGwuuE8ahTwmlyqYbWFTpElYVoXBcaTTOY9IIi/WdxGt58U/TKxjw3KkR\nb65BepmauHpidsKE3C79yrfNMXqTIeQiLNO6VQctq2UKLHZVZNoyFgJOpVy3eG+6\nkSxQGj4BRV/yYB23OKM85ZTMe7XhC7ZYapBtRIZYhiMLpHoK+1TO6APQHvWV+YnM\nw9sdkzFQ5NZmXVUlkTr4ZKpDxsZ7vB1lEcBvjORLwDM3A7LVZMjon9NUwe7RWiTP\nyFHwBS6AfhVGbn6AMCTX7VOK+PtwdrrdqWL6LPyliWQsrTIqE+oraxG0xjjKOQ/u\ne4hVRazXxVrtEQKCAQEA5ZIFiwEj8CFC6WN20mam4bytC/oyHilSjTX1RPYax3it\nPMMvFVqcZAuPl+vnUho+ZBxLetVtBtz6Fh+GgDmp40wXcFg1T5H0kQoROcFyt8fk\nSqZpavQQewgyWGrn1Y2ujKLLG0YSxID59RUrI8sXcyn7k1jRhgq4D268Qf/n5Yke\n+Jke/H8lkxtm0McFsW3TDzofnS4fL9yoLCs3bF5Y9xhfT8Kp95tRzTpc6sgKbclA\nV+pMdkc1gjZyT3ckQhpAMinwKEqgS/OtFGGAekuU7MCphgSXpAe6aEdBiNYXGgDY\nJFd977sg4DO6wVKY++glgGy5P9ZsZpE9JVcfYtxeEwKCAQEA3CC/R7CXj/qbxJ50\nRO0eC59Qy0reMit6ISX61vj19KbL0vvpl1DMnWACtdzr4T4y2reowOALbpfTmnvy\nbi+ThWk9Ob4nQJwFI4Q1mMzNzOYdevpzyvfo4YYksvVuQYOz8za/aLM/zapUVXV8\nUCL47+4+UL/TDskrhJPGrJ6FXCAf/brdizSKHOIh0A5u6Eb6lgBPVW1gUyC5TrAL\nND+meof4oHUVnxHV7Xt2kAhwgPJ0QJ7EVPrbaftR0TceX/CSaXz9jnn0i9orLwws\nUrsYXUfGeZv7g5nHLJLxLbX4R8Qg7eOvRXJ0GSM+xKXw30IyGcFcKNsWqJlVrsIV\nrb4c8QKCAQA0rw4WmGxm7zsr1GewYV5q76HG3eQih9kqDvf6m4AJxuf6ydBEVkcN\nrpmFg93SObOXxeaMie47ZPr/mLyFMLaMMyot3hBd8mDt6CGL35k0E+uQNiB7Kwed\nNIRZRi9uEtW78KAr4ijsb6ztUa5UyIbZJwlVB00ONeeHoyIRA2l0g8NXycwSphs5\nZ1BxGTt1PH7zP6OBrtP5Z+owOLq/Y+eGzVESPNpEuKBNONeaCc5a45SgmGRzwGPH\nPjd9hRoNEXkqCfXTSU0AISvXQYj6h93ld1FwMB2cxylARRoFDRzAGvF/ZZTBL3Cc\nA0MYmpwBM4Vns4vP2qWF5E7kAtpxFaGBAoIBAHlXR3bl4g8l80YCe3h9PteLIPpK\njyNbBh4F8nRqKS2OS+jD0t5emtXbohnEQL2PVTfH4aYCbTMQfrEhN5H0IgO0pTqm\nT057NmCnd8RQWlpR0TM4CKJOwmJer83AyV6/Lta6vr70Gm5uIDeLz5chGmdvYGTA\nsXayTCPpowwx48bf9TfitYZShEZonqezkRoJ4vxV/P0I/03yaijF3RELdGiNMTKq\n1Mp6zIH4u3Nsm0plrJ6TEkVAovXk+KPP94UeKCOHwxKFhRqVS0eU3syvtr7Tz7of\nFg0q8Y/k2unLPCYPn+VybrJld+cfeYvG3ycIqX7Y+cHEyCmY8R+NHsxC3C0=\n-----END RSA PRIVATE KEY-----\n",
            "private_key_pem_pkcs8": "-----BEGIN PRIVATE KEY-----\nMIIJQgIBADANBgkqhkiG9w0BAQEFAASCCSwwggkoAgEAAoICAQDGeU02tVYCQpAK\nAHPddDR7oI3dY9sGr6lbegHaK9brf4JVI965CunZFM2GvjgiM6R0a7GrhXYvnWbG\nZKr0O6YWfI3xHEdyBbCr9ovRKYeHuo/rDMbkx6Z0mtr2XUwXAk2V08g9dL1lkM7V\nMNULGFLNUKnho9b9CQs3ym4nUk0w1LKQ0DILgYUs5dngytr7JElhLf8qhOp0Y/ku\nbzsQqAvdQHOvfmkdJJNUVHjjOAMQUuemZTP8yHc44HbiYIDVuBmD7kq1kqewYi4X\no4gguEeUneNXaGFOBHt9omQ2DYXXHnBEb2bY/Yyfrhydyd7GZ4V4YW41xCglcbcT\nmD6l8Ob4F7zVfoyTRqcpu5wjDuLd0+LnqY9EpARTR58as9o5TCHtgA9HgspNsBKZ\nH4Xf5y3BIYYl4MwE6decflHldOcx47eY1i2EAWA4YynzIYz1WD3a8j0NfJ0Ndn+A\nshfmXqo0ao9SZCLhIQ3pUsAwcB+zwwz3c4OeiLCf67kGvPkuFhFV8/sg1T0RrVaT\nN2oBGnJ3s2Zip5YwEIAIPWoUKyUDzTc50BfEludwmPCctPvnvCd0Nc/YwAsMYFPY\nuBYzMpf0L2tDADbBoyUyBFPiRHZsi2Jnv5Kvsz6f8fPCyyeDEBhG3Q3dOcyCKRyH\nX6/N1SbKpbDtoLxhre4ppfNuRWfWQwIDAQABAoICAC9vKDwOBLtPiztItmhT8IMn\ncSBbUCp96xz4wN6Soa/w7oZIp19UM2V1alVsut+5tfE5F+JlaESi+sApqQ3r/5ra\nM9ZPKugeYgYHS402vrR6qxDDIfnlmWu+4twEmj3ZiA9p6S5+6xEOFdCv9grLymZV\ng/Rwgt5AvhScZc0yB07HVtHzYDKNxvVfDb6C3Oku1/bI1nYkBCDDD/fAD77AWu2L\nDNsBfD/B0RBTi/zKEzlghwqmn1En3A6U3vTlmYT6leaJGgPhRACMxnVR2SPwxvLG\n9WGbib3qplT1bbvZaYZrOOuyMENl/ajgJOi1KXADp8uIhZ2F/w5L6jRdq4NfWuO+\njU5j+1q5LbzqobNuk4Wyl+h89CeNamv0D+AJQszu+VbDddN1DuAY31EA+ei8XPVm\nI75c2VFr1vJHdr5XoOW0y9VnVH97a0v4wulbtRvBJyIBnVXvxQeP36ygXo0MaVSP\nSReiuZ8EeVg29iQDQZAnxN7Op0CTIdaIM5ArTjSjnr/v2vnRy0AgBINnMOzD/B3O\npK2iHWzr8BSsKbKl6J2EvLhoeLd7idldiawyrb4Yxp/3uDPjbNQ3kEaOQy0vFDjk\nZaibFfrxCZB+t0fuNi1X8uRNvYDdWIf5ksfv0FC8FljQWBgD66FqIbEhI7M6SLU+\nEe1SDf3b0zg9lqPCLyrhAoIBAQDdUsqRwtzzPZOn1KUbC64TxqFPCaXKphtYVOkS\nVhWhcFxpNM5j0giL9Z3Ea3nxT9MrGPDcqRFvrkF6mZq4emJ2woTcLv3Kt80xepMh\n5CIs07pVBy2rZQosdlVk2jIWAk6lXLd4b7qRLFAaPgFFX/JgHbc4ozzllMx7teEL\ntlhqkG1EhliGIwukegr7VM7oA9Ae9ZX5iczD2x2TMVDk1mZdVSWROvhkqkPGxnu8\nHWURwG+M5EvAMzcDstVkyOif01TB7tFaJM/IUfAFLoB+FUZufoAwJNftU4r4+3B2\nut2pYvos/KWJZCytMioT6itrEbTGOMo5D+57iFVFrNfFWu0RAoIBAQDlkgWLASPw\nIULpY3bSZqbhvK0L+jIeKVKNNfVE9hrHeK08wy8VWpxkC4+X6+dSGj5kHEt61W0G\n3PoWH4aAOanjTBdwWDVPkfSRChE5wXK3x+RKpmlq9BB7CDJYaufVja6MossbRhLE\ngPn1FSsjyxdzKfuTWNGGCrgPbrxB/+fliR74mR78fyWTG2bQxwWxbdMPOh+dLh8v\n3KgsKzdsXlj3GF9Pwqn3m1HNOlzqyAptyUBX6kx2RzWCNnJPdyRCGkAyKfAoSqBL\n860UYYB6S5TswKmGBJekB7poR0GI1hcaANgkV33vuyDgM7rBUpj76CWAbLk/1mxm\nkT0lVx9i3F4TAoIBAQDcIL9HsJeP+pvEnnRE7R4Ln1DLSt4yK3ohJfrW+PX0psvS\n++mXUMydYAK13OvhPjLat6jA4Atul9Oae/JuL5OFaT05vidAnAUjhDWYzM3M5h16\n+nPK9+jhhiSy9W5Bg7PzNr9osz/NqlRVdXxQIvjv7j5Qv9MOySuEk8asnoVcIB/9\nut2LNIoc4iHQDm7oRvqWAE9VbWBTILlOsAs0P6Z6h/igdRWfEdXte3aQCHCA8nRA\nnsRU+ttp+1HRNx5f8JJpfP2OefSL2isvDCxSuxhdR8Z5m/uDmccskvEttfhHxCDt\n469FcnQZIz7EpfDfQjIZwVwo2xaomVWuwhWtvhzxAoIBADSvDhaYbGbvOyvUZ7Bh\nXmrvocbd5CKH2SoO9/qbgAnG5/rJ0ERWRw2umYWD3dI5s5fF5oyJ7jtk+v+YvIUw\ntowzKi3eEF3yYO3oIYvfmTQT65A2IHsrB500hFlGL24S1bvwoCviKOxvrO1RrlTI\nhtknCVUHTQ4154ejIhEDaXSDw1fJzBKmGzlnUHEZO3U8fvM/o4Gu0/ln6jA4ur9j\n54bNURI82kS4oE0415oJzlrjlKCYZHPAY8c+N32FGg0ReSoJ9dNJTQAhK9dBiPqH\n3eV3UXAwHZzHKUBFGgUNHMAa8X9llMEvcJwDQxianAEzhWezi8/apYXkTuQC2nEV\noYECggEAeVdHduXiDyXzRgJ7eH0+14sg+kqPI1sGHgXydGopLY5L6MPS3l6a1dui\nGcRAvY9VN8fhpgJtMxB+sSE3kfQiA7SlOqZPTns2YKd3xFBaWlHRMzgIok7CYl6v\nzcDJXr8u1rq+vvQabm4gN4vPlyEaZ29gZMCxdrJMI+mjDDHjxt/1N+K1hlKERmie\np7ORGgni/FX8/Qj/TfJqKMXdEQt0aI0xMqrUynrMgfi7c2ybSmWsnpMSRUCi9eT4\no8/3hR4oI4fDEoWFGpVLR5TezK+2vtPPuh8WDSrxj+Ta6cs8Jg+f5XJusmV35x95\ni8bfJwipftj5wcTIKZjxH40ezELcLQ==\n-----END PRIVATE KEY-----\n",
            "public_key_fingerprint_md5": "83:89:35:c2:17:80:29:ae:4a:6a:ed:08:9d:b5:a4:23",
            "public_key_fingerprint_sha256": "SHA256:U8okWBOp92A62FHgT2fOfLNCBu/ZXVjtscom58Q0OJI",
            "public_key_openssh": "ssh-rsa AAAAB3NzaC1yc2EAAAADAQABAAACAQDGeU02tVYCQpAKAHPddDR7oI3dY9sGr6lbegHaK9brf4JVI965CunZFM2GvjgiM6R0a7GrhXYvnWbGZKr0O6YWfI3xHEdyBbCr9ovRKYeHuo/rDMbkx6Z0mtr2XUwXAk2V08g9dL1lkM7VMNULGFLNUKnho9b9CQs3ym4nUk0w1LKQ0DILgYUs5dngytr7JElhLf8qhOp0Y/kubzsQqAvdQHOvfmkdJJNUVHjjOAMQUuemZTP8yHc44HbiYIDVuBmD7kq1kqewYi4Xo4gguEeUneNXaGFOBHt9omQ2DYXXHnBEb2bY/Yyfrhydyd7GZ4V4YW41xCglcbcTmD6l8Ob4F7zVfoyTRqcpu5wjDuLd0+LnqY9EpARTR58as9o5TCHtgA9HgspNsBKZH4Xf5y3BIYYl4MwE6decflHldOcx47eY1i2EAWA4YynzIYz1WD3a8j0NfJ0Ndn+AshfmXqo0ao9SZCLhIQ3pUsAwcB+zwwz3c4OeiLCf67kGvPkuFhFV8/sg1T0RrVaTN2oBGnJ3s2Zip5YwEIAIPWoUKyUDzTc50BfEludwmPCctPvnvCd0Nc/YwAsMYFPYuBYzMpf0L2tDADbBoyUyBFPiRHZsi2Jnv5Kvsz6f8fPCyyeDEBhG3Q3dOcyCKRyHX6/N1SbKpbDtoLxhre4ppfNuRWfWQw==\n",
            "public_key_pem": "-----BEGIN PUBLIC KEY-----\nMIICIjANBgkqhkiG9w0BAQEFAAOCAg8AMIICCgKCAgEAxnlNNrVWAkKQCgBz3XQ0\ne6CN3WPbBq+pW3oB2ivW63+CVSPeuQrp2RTNhr44IjOkdGuxq4V2L51mxmSq9Dum\nFnyN8RxHcgWwq/aL0SmHh7qP6wzG5MemdJra9l1MFwJNldPIPXS9ZZDO1TDVCxhS\nzVCp4aPW/QkLN8puJ1JNMNSykNAyC4GFLOXZ4Mra+yRJYS3/KoTqdGP5Lm87EKgL\n3UBzr35pHSSTVFR44zgDEFLnpmUz/Mh3OOB24mCA1bgZg+5KtZKnsGIuF6OIILhH\nlJ3jV2hhTgR7faJkNg2F1x5wRG9m2P2Mn64cncnexmeFeGFuNcQoJXG3E5g+pfDm\n+Be81X6Mk0anKbucIw7i3dPi56mPRKQEU0efGrPaOUwh7YAPR4LKTbASmR+F3+ct\nwSGGJeDMBOnXnH5R5XTnMeO3mNYthAFgOGMp8yGM9Vg92vI9DXydDXZ/gLIX5l6q\nNGqPUmQi4SEN6VLAMHAfs8MM93ODnoiwn+u5Brz5LhYRVfP7INU9Ea1WkzdqARpy\nd7NmYqeWMBCACD1qFCslA803OdAXxJbncJjwnLT757wndDXP2MALDGBT2LgWMzKX\n9C9rQwA2waMlMgRT4kR2bItiZ7+Sr7M+n/HzwssngxAYRt0N3TnMgikch1+vzdUm\nyqWw7aC8Ya3uKaXzbkVn1kMCAwEAAQ==\n-----END PUBLIC KEY-----\n",
            "rsa_bits": 4096
          },
          "sensitive_attributes": []
        }
      ]
    },
    {
      "module": "module.vpc",
      "mode": "managed",
      "type": "aws_internet_gateway",
      "name": "this",
      "provider": "provider[\"registry.terraform.io/hashicorp/aws\"]",
      "instances": [
        {
          "index_key": 0,
          "schema_version": 0,
          "attributes": {
            "arn": "arn:aws:ec2:eu-central-1:120100153176:internet-gateway/igw-0739431e7cdd47b31",
            "id": "igw-0739431e7cdd47b31",
            "owner_id": "120100153176",
            "tags": {
              "Name": "artur-vpc"
            },
            "tags_all": {
              "Name": "artur-vpc"
            },
            "timeouts": null,
            "vpc_id": "vpc-0a5e3f63a253dcf11"
          },
          "sensitive_attributes": [],
          "private": "eyJlMmJmYjczMC1lY2FhLTExZTYtOGY4OC0zNDM2M2JjN2M0YzAiOnsiY3JlYXRlIjoxMjAwMDAwMDAwMDAwLCJkZWxldGUiOjEyMDAwMDAwMDAwMDAsInVwZGF0ZSI6MTIwMDAwMDAwMDAwMH19",
          "dependencies": [
            "module.vpc.aws_vpc.this",
            "module.vpc.aws_vpc_ipv4_cidr_block_association.this"
          ]
        }
      ]
    },
    {
      "module": "module.vpc",
      "mode": "managed",
      "type": "aws_route",
      "name": "public_internet_gateway",
      "provider": "provider[\"registry.terraform.io/hashicorp/aws\"]",
      "instances": [
        {
          "index_key": 0,
          "schema_version": 0,
          "attributes": {
            "carrier_gateway_id": "",
            "core_network_arn": "",
            "destination_cidr_block": "0.0.0.0/0",
            "destination_ipv6_cidr_block": "",
            "destination_prefix_list_id": "",
            "egress_only_gateway_id": "",
            "gateway_id": "igw-0739431e7cdd47b31",
            "id": "r-rtb-02ce3524ba3873f501080289494",
            "instance_id": "",
            "instance_owner_id": "",
            "local_gateway_id": "",
            "nat_gateway_id": "",
            "network_interface_id": "",
            "origin": "CreateRoute",
            "route_table_id": "rtb-02ce3524ba3873f50",
            "state": "active",
            "timeouts": {
              "create": "5m",
              "delete": null,
              "update": null
            },
            "transit_gateway_id": "",
            "vpc_endpoint_id": "",
            "vpc_peering_connection_id": ""
          },
          "sensitive_attributes": [],
          "private": "eyJlMmJmYjczMC1lY2FhLTExZTYtOGY4OC0zNDM2M2JjN2M0YzAiOnsiY3JlYXRlIjozMDAwMDAwMDAwMDAsImRlbGV0ZSI6MzAwMDAwMDAwMDAwLCJ1cGRhdGUiOjEyMDAwMDAwMDAwMH19",
          "dependencies": [
            "module.vpc.aws_internet_gateway.this",
            "module.vpc.aws_route_table.public",
            "module.vpc.aws_vpc.this",
            "module.vpc.aws_vpc_ipv4_cidr_block_association.this"
          ]
        }
      ]
    },
    {
      "module": "module.vpc",
      "mode": "managed",
      "type": "aws_route_table",
      "name": "public",
      "provider": "provider[\"registry.terraform.io/hashicorp/aws\"]",
      "instances": [
        {
          "index_key": 0,
          "schema_version": 0,
          "attributes": {
            "arn": "arn:aws:ec2:eu-central-1:120100153176:route-table/rtb-02ce3524ba3873f50",
            "id": "rtb-02ce3524ba3873f50",
            "owner_id": "120100153176",
            "propagating_vgws": [],
            "route": [
              {
                "carrier_gateway_id": "",
                "cidr_block": "0.0.0.0/0",
                "core_network_arn": "",
                "destination_prefix_list_id": "",
                "egress_only_gateway_id": "",
                "gateway_id": "igw-0739431e7cdd47b31",
                "instance_id": "",
                "ipv6_cidr_block": "",
                "local_gateway_id": "",
                "nat_gateway_id": "",
                "network_interface_id": "",
                "transit_gateway_id": "",
                "vpc_endpoint_id": "",
                "vpc_peering_connection_id": ""
              }
            ],
            "tags": {
              "Name": "artur-vpc-public"
            },
            "tags_all": {
              "Name": "artur-vpc-public"
            },
            "timeouts": null,
            "vpc_id": "vpc-0a5e3f63a253dcf11"
          },
          "sensitive_attributes": [],
          "private": "eyJlMmJmYjczMC1lY2FhLTExZTYtOGY4OC0zNDM2M2JjN2M0YzAiOnsiY3JlYXRlIjozMDAwMDAwMDAwMDAsImRlbGV0ZSI6MzAwMDAwMDAwMDAwLCJ1cGRhdGUiOjEyMDAwMDAwMDAwMH19",
          "dependencies": [
            "module.vpc.aws_vpc.this",
            "module.vpc.aws_vpc_ipv4_cidr_block_association.this"
          ]
        }
      ]
    },
    {
      "module": "module.vpc",
      "mode": "managed",
      "type": "aws_route_table_association",
      "name": "public",
      "provider": "provider[\"registry.terraform.io/hashicorp/aws\"]",
      "instances": [
        {
          "index_key": 0,
          "schema_version": 0,
          "attributes": {
            "gateway_id": "",
            "id": "rtbassoc-0fd2d245b0e133c52",
            "route_table_id": "rtb-02ce3524ba3873f50",
            "subnet_id": "subnet-0fac7cf0b21b144c8"
          },
          "sensitive_attributes": [],
          "private": "bnVsbA==",
          "dependencies": [
            "data.aws_availability_zones.available",
            "module.vpc.aws_route_table.public",
            "module.vpc.aws_subnet.public",
            "module.vpc.aws_vpc.this",
            "module.vpc.aws_vpc_ipv4_cidr_block_association.this"
          ]
        },
        {
          "index_key": 1,
          "schema_version": 0,
          "attributes": {
            "gateway_id": "",
            "id": "rtbassoc-05520e40e0c81419e",
            "route_table_id": "rtb-02ce3524ba3873f50",
            "subnet_id": "subnet-0014ba06e91667103"
          },
          "sensitive_attributes": [],
          "private": "bnVsbA==",
          "dependencies": [
            "data.aws_availability_zones.available",
            "module.vpc.aws_route_table.public",
            "module.vpc.aws_subnet.public",
            "module.vpc.aws_vpc.this",
            "module.vpc.aws_vpc_ipv4_cidr_block_association.this"
          ]
        }
      ]
    },
    {
      "module": "module.vpc",
      "mode": "managed",
      "type": "aws_subnet",
      "name": "public",
      "provider": "provider[\"registry.terraform.io/hashicorp/aws\"]",
      "instances": [
        {
          "index_key": 0,
          "schema_version": 1,
          "attributes": {
            "arn": "arn:aws:ec2:eu-central-1:120100153176:subnet/subnet-0fac7cf0b21b144c8",
            "assign_ipv6_address_on_creation": false,
            "availability_zone": "eu-central-1a",
            "availability_zone_id": "euc1-az2",
            "cidr_block": "10.0.101.0/24",
            "customer_owned_ipv4_pool": "",
            "enable_dns64": false,
            "enable_resource_name_dns_a_record_on_launch": false,
            "enable_resource_name_dns_aaaa_record_on_launch": false,
            "id": "subnet-0fac7cf0b21b144c8",
            "ipv6_cidr_block": "",
            "ipv6_cidr_block_association_id": "",
            "ipv6_native": false,
            "map_customer_owned_ip_on_launch": false,
            "map_public_ip_on_launch": true,
            "outpost_arn": "",
            "owner_id": "120100153176",
            "private_dns_hostname_type_on_launch": "ip-name",
            "tags": {
              "Name": "artur-vpc-public-eu-central-1a"
            },
            "tags_all": {
              "Name": "artur-vpc-public-eu-central-1a"
            },
            "timeouts": null,
            "vpc_id": "vpc-0a5e3f63a253dcf11"
          },
          "sensitive_attributes": [],
          "private": "eyJlMmJmYjczMC1lY2FhLTExZTYtOGY4OC0zNDM2M2JjN2M0YzAiOnsiY3JlYXRlIjo2MDAwMDAwMDAwMDAsImRlbGV0ZSI6MTIwMDAwMDAwMDAwMH0sInNjaGVtYV92ZXJzaW9uIjoiMSJ9",
          "dependencies": [
            "data.aws_availability_zones.available",
            "module.vpc.aws_vpc.this",
            "module.vpc.aws_vpc_ipv4_cidr_block_association.this"
          ]
        },
        {
          "index_key": 1,
          "schema_version": 1,
          "attributes": {
            "arn": "arn:aws:ec2:eu-central-1:120100153176:subnet/subnet-0014ba06e91667103",
            "assign_ipv6_address_on_creation": false,
            "availability_zone": "eu-central-1b",
            "availability_zone_id": "euc1-az3",
            "cidr_block": "10.0.102.0/24",
            "customer_owned_ipv4_pool": "",
            "enable_dns64": false,
            "enable_resource_name_dns_a_record_on_launch": false,
            "enable_resource_name_dns_aaaa_record_on_launch": false,
            "id": "subnet-0014ba06e91667103",
            "ipv6_cidr_block": "",
            "ipv6_cidr_block_association_id": "",
            "ipv6_native": false,
            "map_customer_owned_ip_on_launch": false,
            "map_public_ip_on_launch": true,
            "outpost_arn": "",
            "owner_id": "120100153176",
            "private_dns_hostname_type_on_launch": "ip-name",
            "tags": {
              "Name": "artur-vpc-public-eu-central-1b"
            },
            "tags_all": {
              "Name": "artur-vpc-public-eu-central-1b"
            },
            "timeouts": null,
            "vpc_id": "vpc-0a5e3f63a253dcf11"
          },
          "sensitive_attributes": [],
          "private": "eyJlMmJmYjczMC1lY2FhLTExZTYtOGY4OC0zNDM2M2JjN2M0YzAiOnsiY3JlYXRlIjo2MDAwMDAwMDAwMDAsImRlbGV0ZSI6MTIwMDAwMDAwMDAwMH0sInNjaGVtYV92ZXJzaW9uIjoiMSJ9",
          "dependencies": [
            "data.aws_availability_zones.available",
            "module.vpc.aws_vpc.this",
            "module.vpc.aws_vpc_ipv4_cidr_block_association.this"
          ]
        }
      ]
    },
    {
      "module": "module.vpc",
      "mode": "managed",
      "type": "aws_vpc",
      "name": "this",
      "provider": "provider[\"registry.terraform.io/hashicorp/aws\"]",
      "instances": [
        {
          "index_key": 0,
          "schema_version": 1,
          "attributes": {
            "arn": "arn:aws:ec2:eu-central-1:120100153176:vpc/vpc-0a5e3f63a253dcf11",
            "assign_generated_ipv6_cidr_block": false,
            "cidr_block": "10.0.0.0/16",
            "default_network_acl_id": "acl-066e580e51af11d3c",
            "default_route_table_id": "rtb-048027b50aecb407f",
            "default_security_group_id": "sg-0556009b2124f6caf",
            "dhcp_options_id": "dopt-0b9348cbfcf1452d5",
            "enable_classiclink": false,
            "enable_classiclink_dns_support": false,
            "enable_dns_hostnames": false,
            "enable_dns_support": true,
            "enable_network_address_usage_metrics": false,
            "id": "vpc-0a5e3f63a253dcf11",
            "instance_tenancy": "default",
            "ipv4_ipam_pool_id": null,
            "ipv4_netmask_length": null,
            "ipv6_association_id": "",
            "ipv6_cidr_block": "",
            "ipv6_cidr_block_network_border_group": "",
            "ipv6_ipam_pool_id": "",
            "ipv6_netmask_length": 0,
            "main_route_table_id": "rtb-048027b50aecb407f",
            "owner_id": "120100153176",
            "tags": {
              "Name": "artur-vpc"
            },
            "tags_all": {
              "Name": "artur-vpc"
            }
          },
          "sensitive_attributes": [],
          "private": "eyJzY2hlbWFfdmVyc2lvbiI6IjEifQ=="
        }
      ]
    }
  ],
  "check_results": null
}
